
Microsoft Visual Studio Solution File, Format Version 12.00
# Visual Studio 15
VisualStudioVersion = 15.0.28307.1231
MinimumVisualStudioVersion = 10.0.40219.1
Project("{159641D6-6404-4A2A-AE62-294DE0FE8301}") = "Integration Services Project3", "Integration Services Project3\Integration Services Project3.dtproj", "{834B8597-37C9-4D9D-A8FF-576CA8EDBF4F}"
EndProject
Global
	GlobalSection(SolutionConfigurationPlatforms) = preSolution
		Development|Default = Development|Default
	EndGlobalSection
	GlobalSection(ProjectConfigurationPlatforms) = postSolution
		{834B8597-37C9-4D9D-A8FF-576CA8EDBF4F}.Development|Default.ActiveCfg = Development
		{834B8597-37C9-4D9D-A8FF-576CA8EDBF4F}.Development|Default.Build.0 = Development
	EndGlobalSection
	GlobalSection(SolutionProperties) = preSolution
		HideSolutionNode = FALSE
	EndGlobalSection
	GlobalSection(ExtensibilityGlobals) = postSolution
		SolutionGuid = {47E511EB-BD4E-4E22-B468-34196ACCDD42}
	EndGlobalSection
EndGlobal
